Microsoft Visual Studio Solution File, Format Version 12.00
# Visual Studio 2012
Project("{FAE04EC0-301F-11D3-BF4B-00C04F79EFBC}") = "SharpSnake", "SharpSnake.csproj", "{21FDD1A3-8218-4840-A7E2-5BCEDE33F3D5}"
EndProject
Global
	GlobalSection(SolutionConfigurationPlatforms) = preSolution
	Debug|Any CPU = Debug|Any CPU
	ExportDebug|Any CPU = ExportDebug|Any CPU
	ExportRelease|Any CPU = ExportRelease|Any CPU
	EndGlobalSection
	GlobalSection(ProjectConfigurationPlatforms) = postSolution
		{21FDD1A3-8218-4840-A7E2-5BCEDE33F3D5}.Debug|Any CPU.ActiveCfg = Debug|Any CPU
		{21FDD1A3-8218-4840-A7E2-5BCEDE33F3D5}.Debug|Any CPU.Build.0 = Debug|Any CPU
		{21FDD1A3-8218-4840-A7E2-5BCEDE33F3D5}.ExportDebug|Any CPU.ActiveCfg = ExportDebug|Any CPU
		{21FDD1A3-8218-4840-A7E2-5BCEDE33F3D5}.ExportDebug|Any CPU.Build.0 = ExportDebug|Any CPU
		{21FDD1A3-8218-4840-A7E2-5BCEDE33F3D5}.ExportRelease|Any CPU.ActiveCfg = ExportRelease|Any CPU
		{21FDD1A3-8218-4840-A7E2-5BCEDE33F3D5}.ExportRelease|Any CPU.Build.0 = ExportRelease|Any CPU
	EndGlobalSection
EndGlobal
